
Microsoft Visual Studio Solution File, Format Version 12.00
# Visual Studio Version 17
VisualStudioVersion = 17.3.32825.248
MinimumVisualStudioVersion = 10.0.40219.1
Project("{FAE04EC0-301F-11D3-BF4B-00C04F79EFBC}") = "lab03Task2", "lab03Task2\lab03Task2.csproj", "{BC1DDD59-F157-4F93-9B28-84D37F01EF41}"
EndProject
Global
	GlobalSection(SolutionConfigurationPlatforms) = preSolution
		Debug|Any CPU = Debug|Any CPU
		Release|Any CPU = Release|Any CPU
	EndGlobalSection
	GlobalSection(ProjectConfigurationPlatforms) = postSolution
		{BC1DDD59-F157-4F93-9B28-84D37F01EF41}.Debug|Any CPU.ActiveCfg = Debug|Any CPU
		{BC1DDD59-F157-4F93-9B28-84D37F01EF41}.Debug|Any CPU.Build.0 = Debug|Any CPU
		{BC1DDD59-F157-4F93-9B28-84D37F01EF41}.Release|Any CPU.ActiveCfg = Release|Any CPU
		{BC1DDD59-F157-4F93-9B28-84D37F01EF41}.Release|Any CPU.Build.0 = Release|Any CPU
	EndGlobalSection
	GlobalSection(SolutionProperties) = preSolution
		HideSolutionNode = FALSE
	EndGlobalSection
	GlobalSection(ExtensibilityGlobals) = postSolution
		SolutionGuid = {8B7BC95F-859F-43FC-8F50-8499A842B63F}
	EndGlobalSection
EndGlobal
